{
  "lockfileVersion": 1,
  "configVersion": 1,
  "workspaces": {
    "": {
      "name": "jose",
      "devDependencies": {
        "turbo": "^2.5.0",
        "typescript": "^5.7.0",
      },
    },
    "apps/web": {
      "name": "web",
      "version": "0.0.0",
      "dependencies": {
        "@jose/model-types": "workspace:*",
        "@jose/render-mirror": "workspace:*",
        "@jose/tool-runner": "workspace:*",
      },
      "devDependencies": {
        "typescript": "^5.7.0",
      },
    },
    "packages/model-types": {
      "name": "@jose/model-types",
      "version": "0.0.0",
      "devDependencies": {
        "@types/bun": "latest",
        "typescript": "^5.7.0",
      },
    },
    "packages/render-mirror": {
      "name": "@jose/render-mirror",
      "version": "0.0.0",
      "dependencies": {
        "@jose/model-types": "workspace:*",
      },
      "devDependencies": {
        "@types/bun": "latest",
        "typescript": "^5.7.0",
      },
    },
    "packages/tool-runner": {
      "name": "@jose/tool-runner",
      "version": "0.0.0",
      "devDependencies": {
        "@types/bun": "latest",
        "typescript": "^5.7.0",
      },
    },
    "tooling/codegen": {
      "name": "@jose/codegen",
      "version": "0.0.0",
      "bin": {
        "jose-codegen": "./src/index.ts",
      },
      "devDependencies": {
        "@types/bun": "latest",
        "typescript": "^5.7.0",
      },
    },
  },
  "packages": {
    "@jose/codegen": ["@jose/codegen@workspace:tooling/codegen"],

    "@jose/model-types": ["@jose/model-types@workspace:packages/model-types"],

    "@jose/render-mirror": ["@jose/render-mirror@workspace:packages/render-mirror"],

    "@jose/tool-runner": ["@jose/tool-runner@workspace:packages/tool-runner"],

    "@turbo/darwin-64": ["@turbo/darwin-64@2.10.0", "", { "os": "darwin", "cpu": "x64" }, "sha512-EwvHThXzpY0KGd1/NAmuewI5D+aVa3Rl/OlxE36yfjUKb/+ySrfJrSlEFt8aD1OXwnnaHnQnPKHFndor0Zxlsg=="],

    "@turbo/darwin-arm64": ["@turbo/darwin-arm64@2.10.0", "", { "os": "darwin", "cpu": "arm64" }, "sha512-9d2fTyyG0lf5Wq1bwJA9qUaeecViMkLcdctWaMMmCkxZ/JqypmqOwK3W6vmejeKVgkr06gSoiX8bD+xN5Jpxcg=="],

    "@turbo/linux-64": ["@turbo/linux-64@2.10.0", "", { "os": "linux", "cpu": "x64" }, "sha512-sZBtjMuufitanjzi6UssoUpJMnnPlLMcdcJj3m3ptNsSq31Xh7MnjhwA5nWvLDTfEFg8GPcbYFXMo8vSdKRfqQ=="],

    "@turbo/linux-arm64": ["@turbo/linux-arm64@2.10.0", "", { "os": "linux", "cpu": "arm64" }, "sha512-vkq/Z8R+1DQ+kifWFa810IjRy2NNBVvha3cg9sWA3nFh6nnGrHSMnnJKrzH7c/No9kq4Jb55Ru44YKsCSBgrKg=="],

    "@turbo/windows-64": ["@turbo/windows-64@2.10.0", "", { "os": "win32", "cpu": "x64" }, "sha512-CRUEguLWxFQHptYZS7HjPhNhAFawfea07iR+xAQ5e4klgLrPCMdexBkXwSCwOxqTFknJ7RZFN3gOaADsw+Gttg=="],

    "@turbo/windows-arm64": ["@turbo/windows-arm64@2.10.0", "", { "os": "win32", "cpu": "arm64" }, "sha512-dVHGaf9F8twzgibcBqKoADT/LLqf9++jDb+hq/LPWWaOmRpp4M+/pVOm7vy4z9D++xg8eaxWLT0+wQxFwhYu9A=="],

    "@types/bun": ["@types/bun@1.3.14", "", { "dependencies": { "bun-types": "1.3.14" } }, "sha512-h1hFqFVcvAvD9j9K7ZW7vd82aSA+rTdznZa+5bwvCwqSB1jmmfLcbIWhOLx1/+boy/xmjgCs/OMUL8hRJSmnPw=="],

    "@types/node": ["@types/node@26.0.1", "", { "dependencies": { "undici-types": "~8.3.0" } }, "sha512-fc3KiUoBt6kie0N9bIW3E47vZsuaMf0PM2AaUpLCLT0s/LvX1nxAim6Fc049cNxODPpGm6qRAuUOB86SkRuPQw=="],

    "bun-types": ["bun-types@1.3.14", "", { "dependencies": { "@types/node": "*" } }, "sha512-4N0ig0fEomHt5R0KCFWjovxow98rIoRwKolrYdCcknNwMekCXRnWEUvgu5soYV8QXtVsrUD8B95MBOZGPvr6KQ=="],

    "turbo": ["turbo@2.10.0", "", { "optionalDependencies": { "@turbo/darwin-64": "2.10.0", "@turbo/darwin-arm64": "2.10.0", "@turbo/linux-64": "2.10.0", "@turbo/linux-arm64": "2.10.0", "@turbo/windows-64": "2.10.0", "@turbo/windows-arm64": "2.10.0" }, "bin": { "turbo": "bin/turbo" } }, "sha512-o016H9PPtuH2deb3mh3Vci3Avfi9UYgM/RONQisY7HnloupP0IFSbFS3gFYJgFJP8nwBrByHWFQIDa8T2zIXPw=="],

    "typescript": ["typescript@5.9.3", "", { "bin": { "tsc": "bin/tsc", "tsserver": "bin/tsserver" } }, "sha512-jl1vZzPDinLr9eUt3J/t7V6FgNEw9QjvBPdysz9KfQDD41fQrC2Y4vKQdiaUpFT4bXlb1RHhLpp8wtm6M5TgSw=="],

    "undici-types": ["undici-types@8.3.0", "", {}, "sha512-j375ScV60dom+YkPFIfTLcOiPxkN/buHz5GobjLhixFuANaNs3C9l4GmrWqejgXWJ7BbJcFYpTEUkS1Ge8bpZQ=="],

    "web": ["web@workspace:apps/web"],
  }
}
